// !$*UTF8*$!
{
	archiveVersion = 1;
	classes = {
	};
	objectVersion = 46;
	objects = {

/* Begin PBXBuildFile section */
		655659081C741B930096C207 /* main.cpp in Sources */ = {isa = PBXBuildFile; fileRef = 655659071C741B930096C207 /* main.cpp */; };
		655659481C74210D0096C207 /* libopencv_core.2.4.12.dylib in Frameworks */ = {isa = PBXBuildFile; fileRef = 655659471C74210D0096C207 /* libopencv_core.2.4.12.dylib */; };
		6556594A1C7421150096C207 /* libopencv_highgui.2.4.12.dylib in Frameworks */ = {isa = PBXBuildFile; fileRef = 655659491C7421150096C207 /* libopencv_highgui.2.4.12.dylib */; };
		6556594C1C74211A0096C207 /* libopencv_imgproc.2.4.12.dylib in Frameworks */ = {isa = PBXBuildFile; fileRef = 6556594B1C74211A0096C207 /* libopencv_imgproc.2.4.12.dylib */; };
/* End PBXBuildFile section */

/* Begin PBXCopyFilesBuildPhase section */
		655659021C741B930096C207 /* CopyFiles */ = {
			isa = PBXCopyFilesBuildPhase;
			buildActionMask = 2147483647;
			dstPath = /usr/share/man/man1/;
			dstSubfolderSpec = 0;
			files = (
			);
			runOnlyForDeploymentPostprocessing = 1;
		};
/* End PBXCopyFilesBuildPhase section */

/* Begin PBXFileReference section */
		655659041C741B930096C207 /* TestOpenCV */ = {isa = PBXFileReference; explicitFileType = "compiled.mach-o.executable"; includeInIndex = 0; path = TestOpenCV; sourceTree = BUILT_PRODUCTS_DIR; };
		655659071C741B930096C207 /* main.cpp */ = {isa = PBXFileReference; lastKnownFileType = sourcecode.cpp.cpp; path = main.cpp; sourceTree = "<group>"; };
		655659471C74210D0096C207 /* libopencv_core.2.4.12.dylib */ = {isa = PBXFileReference; lastKnownFileType = "compiled.mach-o.dylib"; name = libopencv_core.2.4.12.dylib; path = ../../../../usr/local/Cellar/opencv/2.4.12_2/lib/libopencv_core.2.4.12.dylib; sourceTree = "<group>"; };
		655659491C7421150096C207 /* libopencv_highgui.2.4.12.dylib */ = {isa = PBXFileReference; lastKnownFileType = "compiled.mach-o.dylib"; name = libopencv_highgui.2.4.12.dylib; path = ../../../../usr/local/Cellar/opencv/2.4.12_2/lib/libopencv_highgui.2.4.12.dylib; sourceTree = "<group>"; };
		6556594B1C74211A0096C207 /* libopencv_imgproc.2.4.12.dylib */ = {isa = PBXFileReference; lastKnownFileType = "compiled.mach-o.dylib"; name = libopencv_imgproc.2.4.12.dylib; path = ../../../../usr/local/Cellar/opencv/2.4.12_2/lib/libopencv_imgproc.2.4.12.dylib; sourceTree = "<group>"; };
/* End PBXFileReference section */

/* Begin PBXFrameworksBuildPhase section */
		655659011C741B930096C207 /* Frameworks */ = {
			isa = PBXFrameworksBuildPhase;
			buildActionMask = 2147483647;
			files = (
				655659481C74210D0096C207 /* libopencv_core.2.4.12.dylib in Frameworks */,
				6556594A1C7421150096C207 /* libopencv_highgui.2.4.12.dylib in Frameworks */,
				6556594C1C74211A0096C207 /* libopencv_imgproc.2.4.12.dylib in Frameworks */,
			);
			runOnlyForDeploymentPostprocessing = 0;
		};
/* End PBXFrameworksBuildPhase section */

/* Begin PBXGroup section */
		655658FB1C741B930096C207 = {
			isa = PBXGroup;
			children = (
				6556594B1C74211A0096C207 /* libopencv_imgproc.2.4.12.dylib */,
				655659491C7421150096C207 /* libopencv_highgui.2.4.12.dylib */,
				655659471C74210D0096C207 /* libopencv_core.2.4.12.dylib */,
				655659061C741B930096C207 /* TestOpenCV */,
				655659051C741B930096C207 /* Products */,
			);
			sourceTree = "<group>";
		};
		655659051C741B930096C207 /* Products */ = {
			isa = PBXGroup;
			children = (
				655659041C741B930096C207 /* TestOpenCV */,
			);
			name = Products;
			sourceTree = "<group>";
		};
		655659061C741B930096C207 /* TestOpenCV */ = {
			isa = PBXGroup;
			children = (
				655659071C741B930096C207 /* main.cpp */,
			);
			path = TestOpenCV;
			sourceTree = "<group>";
		};
/* End PBXGroup section */

/* Begin PBXNativeTarget section */
		655659031C741B930096C207 /* TestOpenCV */ = {
			isa = PBXNativeTarget;
			buildConfigurationList = 6556590B1C741B930096C207 /* Build configuration list for PBXNativeTarget "TestOpenCV" */;
			buildPhases = (
				655659001C741B930096C207 /* Sources */,
				655659011C741B930096C207 /* Frameworks */,
				655659021C741B930096C207 /* CopyFiles */,
			);
			buildRules = (
			);
			dependencies = (
			);
			name = TestOpenCV;
			productName = TestOpenCV;
			productReference = 655659041C741B930096C207 /* TestOpenCV */;
			productType = "com.apple.product-type.tool";
		};
/* End PBXNativeTarget section */

/* Begin PBXProject section */
		655658FC1C741B930096C207 /* Project object */ = {
			isa = PBXProject;
			attributes = {
				LastUpgradeCheck = 0720;
				ORGANIZATIONNAME = takujifunao;
				TargetAttributes = {
					655659031C741B930096C207 = {
						CreatedOnToolsVersion = 7.2;
					};
				};
			};
			buildConfigurationList = 655658FF1C741B930096C207 /* Build configuration list for PBXProject "TestOpenCV" */;
			compatibilityVersion = "Xcode 3.2";
			developmentRegion = English;
			hasScannedForEncodings = 0;
			knownRegions = (
				en,
			);
			mainGroup = 655658FB1C741B930096C207;
			productRefGroup = 655659051C741B930096C207 /* Products */;
			projectDirPath = "";
			projectRoot = "";
			targets = (
				655659031C741B930096C207 /* TestOpenCV */,
			);
		};
/* End PBXProject section */

/* Begin PBXSourcesBuildPhase section */
		655659001C741B930096C207 /* Sources */ = {
			isa = PBXSourcesBuildPhase;
			buildActionMask = 2147483647;
			files = (
				655659081C741B930096C207 /* main.cpp in Sources */,
			);
			runOnlyForDeploymentPostprocessing = 0;
		};
/* End PBXSourcesBuildPhase section */

/* Begin XCBuildConfiguration section */
		655659091C741B930096C207 /* Debug */ = {
			isa = XCBuildConfiguration;
			buildSettings = {
				ALWAYS_SEARCH_USER_PATHS = NO;
				CLANG_CXX_LANGUAGE_STANDARD = "gnu++0x";
				CLANG_CXX_LIBRARY = "libc++";
				CLANG_ENABLE_MODULES = YES;
				CLANG_ENABLE_OBJC_ARC = YES;
				CLANG_WARN_BOOL_CONVERSION = YES;
				CLANG_WARN_CONSTANT_CONVERSION = YES;
				CLANG_WARN_DIRECT_OBJC_ISA_USAGE = YES_ERROR;
				CLANG_WARN_EMPTY_BODY = YES;
				CLANG_WARN_ENUM_CONVERSION = YES;
				CLANG_WARN_INT_CONVERSION = YES;
				CLANG_WARN_OBJC_ROOT_CLASS = YES_ERROR;
				CLANG_WARN_UNREACHABLE_CODE = YES;
				CLANG_WARN__DUPLICATE_METHOD_MATCH = YES;
				CODE_SIGN_IDENTITY = "-";
				COPY_PHASE_STRIP = NO;
				DEBUG_INFORMATION_FORMAT = dwarf;
				ENABLE_STRICT_OBJC_MSGSEND = YES;
				ENABLE_TESTABILITY = YES;
				GCC_C_LANGUAGE_STANDARD = gnu99;
				GCC_DYNAMIC_NO_PIC = NO;
				GCC_NO_COMMON_BLOCKS = YES;
				GCC_OPTIMIZATION_LEVEL = 0;
				GCC_PREPROCESSOR_DEFINITIONS = (
					"DEBUG=1",
					"$(inherited)",
				);
				GCC_WARN_64_TO_32_BIT_CONVERSION = YES;
				GCC_WARN_ABOUT_RETURN_TYPE = YES_ERROR;
				GCC_WARN_UNDECLARED_SELECTOR = YES;
				GCC_WARN_UNINITIALIZED_AUTOS = YES_AGGRESSIVE;
				GCC_WARN_UNUSED_FUNCTION = YES;
				GCC_WARN_UNUSED_VARIABLE = YES;
				MACOSX_DEPLOYMENT_TARGET = 10.11;
				MTL_ENABLE_DEBUG_INFO = YES;
				ONLY_ACTIVE_ARCH = YES;
				SDKROOT = macosx;
			};
			name = Debug;
		};
		6556590A1C741B930096C207 /* Release */ = {
			isa = XCBuildConfiguration;
			buildSettings = {
				ALWAYS_SEARCH_USER_PATHS = NO;
				CLANG_CXX_LANGUAGE_STANDARD = "gnu++0x";
				CLANG_CXX_LIBRARY = "libc++";
				CLANG_ENABLE_MODULES = YES;
				CLANG_ENABLE_OBJC_ARC = YES;
				CLANG_WARN_BOOL_CONVERSION = YES;
				CLANG_WARN_CONSTANT_CONVERSION = YES;
				CLANG_WARN_DIRECT_OBJC_ISA_USAGE = YES_ERROR;
				CLANG_WARN_EMPTY_BODY = YES;
				CLANG_WARN_ENUM_CONVERSION = YES;
				CLANG_WARN_INT_CONVERSION = YES;
				CLANG_WARN_OBJC_ROOT_CLASS = YES_ERROR;
				CLANG_WARN_UNREACHABLE_CODE = YES;
				CLANG_WARN__DUPLICATE_METHOD_MATCH = YES;
				CODE_SIGN_IDENTITY = "-";
				COPY_PHASE_STRIP = NO;
				DEBUG_INFORMATION_FORMAT = "dwarf-with-dsym";
				ENABLE_NS_ASSERTIONS = NO;
				ENABLE_STRICT_OBJC_MSGSEND = YES;
				GCC_C_LANGUAGE_STANDARD = gnu99;
				GCC_NO_COMMON_BLOCKS = YES;
				GCC_WARN_64_TO_32_BIT_CONVERSION = YES;
				GCC_WARN_ABOUT_RETURN_TYPE = YES_ERROR;
				GCC_WARN_UNDECLARED_SELECTOR = YES;
				GCC_WARN_UNINITIALIZED_AUTOS = YES_AGGRESSIVE;
				GCC_WARN_UNUSED_FUNCTION = YES;
				GCC_WARN_UNUSED_VARIABLE = YES;
				MACOSX_DEPLOYMENT_TARGET = 10.11;
				MTL_ENABLE_DEBUG_INFO = NO;
				SDKROOT = macosx;
			};
			name = Release;
		};
		6556590C1C741B930096C207 /* Debug */ = {
			isa = XCBuildConfiguration;
			buildSettings = {
				HEADER_SEARCH_PATHS = "/usr/local/Cellar/opencv/**";
				LIBRARY_SEARCH_PATHS = (
					"$(inherited)",
					/usr/local/Cellar/opencv/2.4.12_2/lib,
				);
				PRODUCT_NAME = "$(TARGET_NAME)";
			};
			name = Debug;
		};
		6556590D1C741B930096C207 /* Release */ = {
			isa = XCBuildConfiguration;
			buildSettings = {
				HEADER_SEARCH_PATHS = "/usr/local/Cellar/opencv/**";
				LIBRARY_SEARCH_PATHS = (
					"$(inherited)",
					/usr/local/Cellar/opencv/2.4.12_2/lib,
				);
				PRODUCT_NAME = "$(TARGET_NAME)";
			};
			name = Release;
		};
/* End XCBuildConfiguration section */

/* Begin XCConfigurationList section */
		655658FF1C741B930096C207 /* Build configuration list for PBXProject "TestOpenCV" */ = {
			isa = XCConfigurationList;
			buildConfigurations = (
				655659091C741B930096C207 /* Debug */,
				6556590A1C741B930096C207 /* Release */,
			);
			defaultConfigurationIsVisible = 0;
			defaultConfigurationName = Release;
		};
		6556590B1C741B930096C207 /* Build configuration list for PBXNativeTarget "TestOpenCV" */ = {
			isa = XCConfigurationList;
			buildConfigurations = (
				6556590C1C741B930096C207 /* Debug */,
				6556590D1C741B930096C207 /* Release */,
			);
			defaultConfigurationIsVisible = 0;
			defaultConfigurationName = Release;
		};
/* End XCConfigurationList section */
	};
	rootObject = 655658FC1C741B930096C207 /* Project object */;
}
